
Microsoft Visual Studio Solution File, Format Version 10.00
# Visual Studio 2008
Project("{FAE04EC0-301F-11D3-BF4B-00C04F79EFBC}") = "Mixed_BP_AHP", "Mixed_BP_AHP\Mixed_BP_AHP.csproj", "{72C57B58-791F-4F08-9DDB-0B839D4EED80}"
EndProject
Project("{FAE04EC0-301F-11D3-BF4B-00C04F79EFBC}") = "BPNet", "BPNet\BPNet.csproj", "{82428F82-C9F0-49F9-AEB3-A070CB1BB5B7}"
EndProject
Project("{FAE04EC0-301F-11D3-BF4B-00C04F79EFBC}") = "AHP", "AHP\AHP.csproj", "{80EF260C-2731-4C66-95FB-6C22B98A793F}"
EndProject
Global
	GlobalSection(SolutionConfigurationPlatforms) = preSolution
		Debug|Any CPU = Debug|Any CPU
		Debug|Mixed Platforms = Debug|Mixed Platforms
		Debug|x86 = Debug|x86
		Release|Any CPU = Release|Any CPU
		Release|Mixed Platforms = Release|Mixed Platforms
		Release|x86 = Release|x86
	EndGlobalSection
	GlobalSection(ProjectConfigurationPlatforms) = postSolution
		{72C57B58-791F-4F08-9DDB-0B839D4EED80}.Debug|Any CPU.ActiveCfg = Debug|x86
		{72C57B58-791F-4F08-9DDB-0B839D4EED80}.Debug|Mixed Platforms.ActiveCfg = Debug|x86
		{72C57B58-791F-4F08-9DDB-0B839D4EED80}.Debug|Mixed Platforms.Build.0 = Debug|x86
		{72C57B58-791F-4F08-9DDB-0B839D4EED80}.Debug|x86.ActiveCfg = Debug|x86
		{72C57B58-791F-4F08-9DDB-0B839D4EED80}.Debug|x86.Build.0 = Debug|x86
		{72C57B58-791F-4F08-9DDB-0B839D4EED80}.Release|Any CPU.ActiveCfg = Release|x86
		{72C57B58-791F-4F08-9DDB-0B839D4EED80}.Release|Mixed Platforms.ActiveCfg = Release|x86
		{72C57B58-791F-4F08-9DDB-0B839D4EED80}.Release|Mixed Platforms.Build.0 = Release|x86
		{72C57B58-791F-4F08-9DDB-0B839D4EED80}.Release|x86.ActiveCfg = Release|x86
		{72C57B58-791F-4F08-9DDB-0B839D4EED80}.Release|x86.Build.0 = Release|x86
		{82428F82-C9F0-49F9-AEB3-A070CB1BB5B7}.Debug|Any CPU.ActiveCfg = Debug|Any CPU
		{82428F82-C9F0-49F9-AEB3-A070CB1BB5B7}.Debug|Any CPU.Build.0 = Debug|Any CPU
		{82428F82-C9F0-49F9-AEB3-A070CB1BB5B7}.Debug|Mixed Platforms.ActiveCfg = Debug|Any CPU
		{82428F82-C9F0-49F9-AEB3-A070CB1BB5B7}.Debug|Mixed Platforms.Build.0 = Debug|Any CPU
		{82428F82-C9F0-49F9-AEB3-A070CB1BB5B7}.Debug|x86.ActiveCfg = Debug|Any CPU
		{82428F82-C9F0-49F9-AEB3-A070CB1BB5B7}.Release|Any CPU.ActiveCfg = Release|Any CPU
		{82428F82-C9F0-49F9-AEB3-A070CB1BB5B7}.Release|Any CPU.Build.0 = Release|Any CPU
		{82428F82-C9F0-49F9-AEB3-A070CB1BB5B7}.Release|Mixed Platforms.ActiveCfg = Release|Any CPU
		{82428F82-C9F0-49F9-AEB3-A070CB1BB5B7}.Release|Mixed Platforms.Build.0 = Release|Any CPU
		{82428F82-C9F0-49F9-AEB3-A070CB1BB5B7}.Release|x86.ActiveCfg = Release|Any CPU
		{80EF260C-2731-4C66-95FB-6C22B98A793F}.Debug|Any CPU.ActiveCfg = Debug|Any CPU
		{80EF260C-2731-4C66-95FB-6C22B98A793F}.Debug|Any CPU.Build.0 = Debug|Any CPU
		{80EF260C-2731-4C66-95FB-6C22B98A793F}.Debug|Mixed Platforms.ActiveCfg = Debug|Any CPU
		{80EF260C-2731-4C66-95FB-6C22B98A793F}.Debug|Mixed Platforms.Build.0 = Debug|Any CPU
		{80EF260C-2731-4C66-95FB-6C22B98A793F}.Debug|x86.ActiveCfg = Debug|Any CPU
		{80EF260C-2731-4C66-95FB-6C22B98A793F}.Release|Any CPU.ActiveCfg = Release|Any CPU
		{80EF260C-2731-4C66-95FB-6C22B98A793F}.Release|Any CPU.Build.0 = Release|Any CPU
		{80EF260C-2731-4C66-95FB-6C22B98A793F}.Release|Mixed Platforms.ActiveCfg = Release|Any CPU
		{80EF260C-2731-4C66-95FB-6C22B98A793F}.Release|Mixed Platforms.Build.0 = Release|Any CPU
		{80EF260C-2731-4C66-95FB-6C22B98A793F}.Release|x86.ActiveCfg = Release|Any CPU
	EndGlobalSection
	GlobalSection(SolutionProperties) = preSolution
		HideSolutionNode = FALSE
	EndGlobalSection
EndGlobal
